
Microsoft Visual Studio Solution File, Format Version 12.00
# Visual Studio Version 17
VisualStudioVersion = 17.14.36127.28 d17.14
MinimumVisualStudioVersion = 10.0.40219.1
Project("{FAE04EC0-301F-11D3-BF4B-00C04F79EFBC}") = "AccessManagement", "AccessManagement\AccessManagement.csproj", "{A94C8B90-B5F3-4B3C-B3D8-BC09C3CDFE19}"
EndProject
Project("{FAE04EC0-301F-11D3-BF4B-00C04F79EFBC}") = "AccessManagement.Test", "AccessManagement.Test\AccessManagement.Test.csproj", "{DD0BE150-36C2-02DD-911B-601585FC38EC}"
EndProject
Global
	GlobalSection(SolutionConfigurationPlatforms) = preSolution
		Debug|Any CPU = Debug|Any CPU
		Release|Any CPU = Release|Any CPU
	EndGlobalSection
	GlobalSection(ProjectConfigurationPlatforms) = postSolution
		{A94C8B90-B5F3-4B3C-B3D8-BC09C3CDFE19}.Debug|Any CPU.ActiveCfg = Debug|Any CPU
		{A94C8B90-B5F3-4B3C-B3D8-BC09C3CDFE19}.Debug|Any CPU.Build.0 = Debug|Any CPU
		{A94C8B90-B5F3-4B3C-B3D8-BC09C3CDFE19}.Release|Any CPU.ActiveCfg = Release|Any CPU
		{A94C8B90-B5F3-4B3C-B3D8-BC09C3CDFE19}.Release|Any CPU.Build.0 = Release|Any CPU
		{DD0BE150-36C2-02DD-911B-601585FC38EC}.Debug|Any CPU.ActiveCfg = Debug|Any CPU
		{DD0BE150-36C2-02DD-911B-601585FC38EC}.Debug|Any CPU.Build.0 = Debug|Any CPU
		{DD0BE150-36C2-02DD-911B-601585FC38EC}.Release|Any CPU.ActiveCfg = Release|Any CPU
		{DD0BE150-36C2-02DD-911B-601585FC38EC}.Release|Any CPU.Build.0 = Release|Any CPU
	EndGlobalSection
	GlobalSection(SolutionProperties) = preSolution
		HideSolutionNode = FALSE
	EndGlobalSection
	GlobalSection(ExtensibilityGlobals) = postSolution
		SolutionGuid = {D45EBB5B-9DEE-43CD-89C7-6EC0ED3448E3}
	EndGlobalSection
EndGlobal
