
Microsoft Visual Studio Solution File, Format Version 12.00
# Visual Studio Version 17
VisualStudioVersion = 17.13.35919.96 d17.13
MinimumVisualStudioVersion = 10.0.40219.1
Project("{FAE04EC0-301F-11D3-BF4B-00C04F79EFBC}") = "ConstructionManagement", "ConstructionManagement.csproj", "{4388FFD3-9964-414A-84EC-D5CCFF91649D}"
EndProject
Global
	GlobalSection(SolutionConfigurationPlatforms) = preSolution
		Debug|Any CPU = Debug|Any CPU
		Release|Any CPU = Release|Any CPU
	EndGlobalSection
	GlobalSection(ProjectConfigurationPlatforms) = postSolution
		{4388FFD3-9964-414A-84EC-D5CCFF91649D}.Debug|Any CPU.ActiveCfg = Debug|Any CPU
		{4388FFD3-9964-414A-84EC-D5CCFF91649D}.Debug|Any CPU.Build.0 = Debug|Any CPU
		{4388FFD3-9964-414A-84EC-D5CCFF91649D}.Release|Any CPU.ActiveCfg = Release|Any CPU
		{4388FFD3-9964-414A-84EC-D5CCFF91649D}.Release|Any CPU.Build.0 = Release|Any CPU
	EndGlobalSection
	GlobalSection(SolutionProperties) = preSolution
		HideSolutionNode = FALSE
	EndGlobalSection
	GlobalSection(ExtensibilityGlobals) = postSolution
		SolutionGuid = {263CE8F1-D112-4374-9D7B-147E69094F92}
	EndGlobalSection
EndGlobal
